
Microsoft Visual Studio Solution File, Format Version 12.00
# Visual Studio Version 17
VisualStudioVersion = 17.5.002.0
MinimumVisualStudioVersion = 10.0.40219.1
Project("{2150E333-8FDC-42A3-9474-1A3956D46DE8}") = "sample", "sample", "{3F561DD3-70FC-4660-99E4-12D78DECCB68}"
EndProject
Project("{9A19103F-16F7-4668-BE54-9A1E7A4F7556}") = "CarApp", "sample\CarApp\CarApp.csproj", "{57116768-729B-4A83-92CE-74821305F58F}"
EndProject
Project("{FAE04EC0-301F-11D3-BF4B-00C04F79EFBC}") = "Procedural", "sample\Procedural\Procedural.csproj", "{9A88FF65-F7C7-498E-8B1D-9B62B996413F}"
EndProject
Global
	GlobalSection(SolutionConfigurationPlatforms) = preSolution
		Debug|Any CPU = Debug|Any CPU
		Release|Any CPU = Release|Any CPU
	EndGlobalSection
	GlobalSection(ProjectConfigurationPlatforms) = postSolution
		{57116768-729B-4A83-92CE-74821305F58F}.Debug|Any CPU.ActiveCfg = Debug|Any CPU
		{57116768-729B-4A83-92CE-74821305F58F}.Debug|Any CPU.Build.0 = Debug|Any CPU
		{57116768-729B-4A83-92CE-74821305F58F}.Release|Any CPU.ActiveCfg = Release|Any CPU
		{57116768-729B-4A83-92CE-74821305F58F}.Release|Any CPU.Build.0 = Release|Any CPU
		{9A88FF65-F7C7-498E-8B1D-9B62B996413F}.Debug|Any CPU.ActiveCfg = Debug|Any CPU
		{9A88FF65-F7C7-498E-8B1D-9B62B996413F}.Debug|Any CPU.Build.0 = Debug|Any CPU
		{9A88FF65-F7C7-498E-8B1D-9B62B996413F}.Release|Any CPU.ActiveCfg = Release|Any CPU
		{9A88FF65-F7C7-498E-8B1D-9B62B996413F}.Release|Any CPU.Build.0 = Release|Any CPU
	EndGlobalSection
	GlobalSection(SolutionProperties) = preSolution
		HideSolutionNode = FALSE
	EndGlobalSection
	GlobalSection(NestedProjects) = preSolution
		{57116768-729B-4A83-92CE-74821305F58F} = {3F561DD3-70FC-4660-99E4-12D78DECCB68}
		{9A88FF65-F7C7-498E-8B1D-9B62B996413F} = {3F561DD3-70FC-4660-99E4-12D78DECCB68}
	EndGlobalSection
	GlobalSection(ExtensibilityGlobals) = postSolution
		SolutionGuid = {5E436E9C-7A3A-48A4-9846-D33ACD46D171}
	EndGlobalSection
EndGlobal
